
Microsoft Visual Studio Solution File, Format Version 12.00
# Visual Studio 2012
Project("{FAE04EC0-301F-11D3-BF4B-00C04F79EFBC}") = "BullsAndCows", "BullsAndCows\BullsAndCows.csproj", "{E9D07BE5-A82F-47AA-90E6-FEC303D8646C}"
EndProject
Project("{FAE04EC0-301F-11D3-BF4B-00C04F79EFBC}") = "CardWarsBatka", "CardWarsBatka\CardWarsBatka.csproj", "{77C67085-7CD9-4E59-8B9D-4C3F018965D5}"
EndProject
Project("{FAE04EC0-301F-11D3-BF4B-00C04F79EFBC}") = "Bittris", "Bittris\Bittris.csproj", "{0CD30656-24DE-4E12-A297-B751058C00BB}"
EndProject
Global
	GlobalSection(SolutionConfigurationPlatforms) = preSolution
		Debug|Any CPU = Debug|Any CPU
		Release|Any CPU = Release|Any CPU
	EndGlobalSection
	GlobalSection(ProjectConfigurationPlatforms) = postSolution
		{E9D07BE5-A82F-47AA-90E6-FEC303D8646C}.Debug|Any CPU.ActiveCfg = Debug|Any CPU
		{E9D07BE5-A82F-47AA-90E6-FEC303D8646C}.Debug|Any CPU.Build.0 = Debug|Any CPU
		{E9D07BE5-A82F-47AA-90E6-FEC303D8646C}.Release|Any CPU.ActiveCfg = Release|Any CPU
		{E9D07BE5-A82F-47AA-90E6-FEC303D8646C}.Release|Any CPU.Build.0 = Release|Any CPU
		{77C67085-7CD9-4E59-8B9D-4C3F018965D5}.Debug|Any CPU.ActiveCfg = Debug|Any CPU
		{77C67085-7CD9-4E59-8B9D-4C3F018965D5}.Debug|Any CPU.Build.0 = Debug|Any CPU
		{77C67085-7CD9-4E59-8B9D-4C3F018965D5}.Release|Any CPU.ActiveCfg = Release|Any CPU
		{77C67085-7CD9-4E59-8B9D-4C3F018965D5}.Release|Any CPU.Build.0 = Release|Any CPU
		{0CD30656-24DE-4E12-A297-B751058C00BB}.Debug|Any CPU.ActiveCfg = Debug|Any CPU
		{0CD30656-24DE-4E12-A297-B751058C00BB}.Debug|Any CPU.Build.0 = Debug|Any CPU
		{0CD30656-24DE-4E12-A297-B751058C00BB}.Release|Any CPU.ActiveCfg = Release|Any CPU
		{0CD30656-24DE-4E12-A297-B751058C00BB}.Release|Any CPU.Build.0 = Release|Any CPU
	EndGlobalSection
	GlobalSection(SolutionProperties) = preSolution
		HideSolutionNode = FALSE
	EndGlobalSection
EndGlobal
