
Microsoft Visual Studio Solution File, Format Version 12.00
# Visual Studio 2012
Project("{FAE04EC0-301F-11D3-BF4B-00C04F79EFBC}") = "01. ArrayIndexMultipliedBy5", "01. ArrayIndexMultipliedBy5\01. ArrayIndexMultipliedBy5.csproj", "{D32DFE0F-BCB6-4FC3-87F5-586493EE95DB}"
EndProject
Project("{FAE04EC0-301F-11D3-BF4B-00C04F79EFBC}") = "02.CompareIntArrays", "02.CompareIntArrays\02.CompareIntArrays.csproj", "{E39C3720-C272-4311-9241-F59BA58D4B73}"
EndProject
Project("{FAE04EC0-301F-11D3-BF4B-00C04F79EFBC}") = "03.CompareCharArrays", "03.CompareCharArrays\03.CompareCharArrays.csproj", "{4DD752FE-71EA-4F64-A3B4-B9167B6A39A0}"
EndProject
Project("{FAE04EC0-301F-11D3-BF4B-00C04F79EFBC}") = "04.MaximalElementsSequence", "04.MaximalElementsSequence\04.MaximalElementsSequence.csproj", "{A92B5CBF-942B-4731-8F6B-35A141E300CC}"
EndProject
Project("{FAE04EC0-301F-11D3-BF4B-00C04F79EFBC}") = "05.MaximalIncreasingSequence", "05.MaximalIncreasingSequence\05.MaximalIncreasingSequence.csproj", "{1CE38C24-4A1E-4427-823F-7F937C958E6F}"
EndProject
Project("{FAE04EC0-301F-11D3-BF4B-00C04F79EFBC}") = "06.MaxSumSequenceOfKElements", "06.MaxSumSequenceOfKElements\06.MaxSumSequenceOfKElements.csproj", "{0EC91E17-96D0-4867-B9C3-EF85F2F5284E}"
EndProject
Project("{FAE04EC0-301F-11D3-BF4B-00C04F79EFBC}") = "07.SelectionSortAlgorithm", "07.SelectionSortAlgorithm\07.SelectionSortAlgorithm.csproj", "{0DC1FC41-7EE5-45CA-9032-60B4EB7BC198}"
EndProject
Project("{FAE04EC0-301F-11D3-BF4B-00C04F79EFBC}") = "08.MaximalSumSequence", "08.MaximalSumSequence\08.MaximalSumSequence.csproj", "{84C3279F-771D-436D-A028-46D6887C470A}"
EndProject
Project("{FAE04EC0-301F-11D3-BF4B-00C04F79EFBC}") = "09.MostFrequentNumber", "09.MostFrequentNumber\09.MostFrequentNumber.csproj", "{BAF5BB4F-CC29-489C-B5CF-9571C2BF3421}"
EndProject
Project("{FAE04EC0-301F-11D3-BF4B-00C04F79EFBC}") = "10.GivenSumSequence", "10.GivenSumSequence\10.GivenSumSequence.csproj", "{B0882AC7-FAC6-403D-8A02-F3663DB905AD}"
EndProject
Project("{FAE04EC0-301F-11D3-BF4B-00C04F79EFBC}") = "11.BinarySearch", "11.BinarySearch\11.BinarySearch.csproj", "{484EEB0D-8EBE-40CD-A27F-D65EB6C20C10}"
EndProject
Project("{FAE04EC0-301F-11D3-BF4B-00C04F79EFBC}") = "12.AlphabetArray", "12.AlphabetArray\12.AlphabetArray.csproj", "{AE9395CC-4CE8-4621-836D-8D8174AE5C77}"
EndProject
Project("{FAE04EC0-301F-11D3-BF4B-00C04F79EFBC}") = "13.MergeSortAlgorithm", "13.MergeSortAlgorithm\13.MergeSortAlgorithm.csproj", "{0D02390F-72FC-4192-953B-F3E5C5FDFD85}"
EndProject
Project("{FAE04EC0-301F-11D3-BF4B-00C04F79EFBC}") = "14.QuickSortAlgorithm", "14.QuickSortAlgorithm\14.QuickSortAlgorithm.csproj", "{DC5CE172-5CC9-412D-B9FE-2AF32D4C56A6}"
EndProject
Project("{FAE04EC0-301F-11D3-BF4B-00C04F79EFBC}") = "15.SieveOfEratosthenesAlgorithm", "15.SieveOfEratosthenesAlgorithm\15.SieveOfEratosthenesAlgorithm.csproj", "{AF708A31-7AB1-4D19-BF57-8DD6EFD8A1A0}"
EndProject
Project("{FAE04EC0-301F-11D3-BF4B-00C04F79EFBC}") = "16.SubSetSum", "16.SubSetSum\16.SubSetSum.csproj", "{C5798986-5345-4FA0-93D7-76B374E8B97A}"
EndProject
Project("{FAE04EC0-301F-11D3-BF4B-00C04F79EFBC}") = "19.PermutationAlgorithm", "19.PermutationAlgorithm\19.PermutationAlgorithm.csproj", "{D4FE5A21-2EDC-4C21-A779-E292324F7874}"
EndProject
Project("{FAE04EC0-301F-11D3-BF4B-00C04F79EFBC}") = "20.VariationAlgorithm", "20.VariationAlgorithm\20.VariationAlgorithm.csproj", "{6336AE34-3AA5-4B82-9854-411BB43E7DE0}"
EndProject
Project("{FAE04EC0-301F-11D3-BF4B-00C04F79EFBC}") = "21.CombinationAlgorithm", "21.CombinationAlgorithm\21.CombinationAlgorithm.csproj", "{59E86070-9195-4E6C-992E-7300D5D9E2F0}"
EndProject
Project("{FAE04EC0-301F-11D3-BF4B-00C04F79EFBC}") = "17.SubSetSumOfKElements", "17.SubSetSumOfKElements\17.SubSetSumOfKElements.csproj", "{D04D2B2B-F527-487C-98FC-56C7C3043DBD}"
EndProject
Project("{FAE04EC0-301F-11D3-BF4B-00C04F79EFBC}") = "18.LongestIncreasingSubsequence", "18.LongestIncreasingSubsequence\18.LongestIncreasingSubsequence.csproj", "{872FFAF9-E7C7-4CDA-B047-C35C298F347B}"
EndProject
Global
	GlobalSection(SolutionConfigurationPlatforms) = preSolution
		Debug|Any CPU = Debug|Any CPU
		Release|Any CPU = Release|Any CPU
	EndGlobalSection
	GlobalSection(ProjectConfigurationPlatforms) = postSolution
		{D32DFE0F-BCB6-4FC3-87F5-586493EE95DB}.Debug|Any CPU.ActiveCfg = Debug|Any CPU
		{D32DFE0F-BCB6-4FC3-87F5-586493EE95DB}.Debug|Any CPU.Build.0 = Debug|Any CPU
		{D32DFE0F-BCB6-4FC3-87F5-586493EE95DB}.Release|Any CPU.ActiveCfg = Release|Any CPU
		{D32DFE0F-BCB6-4FC3-87F5-586493EE95DB}.Release|Any CPU.Build.0 = Release|Any CPU
		{E39C3720-C272-4311-9241-F59BA58D4B73}.Debug|Any CPU.ActiveCfg = Debug|Any CPU
		{E39C3720-C272-4311-9241-F59BA58D4B73}.Debug|Any CPU.Build.0 = Debug|Any CPU
		{E39C3720-C272-4311-9241-F59BA58D4B73}.Release|Any CPU.ActiveCfg = Release|Any CPU
		{E39C3720-C272-4311-9241-F59BA58D4B73}.Release|Any CPU.Build.0 = Release|Any CPU
		{4DD752FE-71EA-4F64-A3B4-B9167B6A39A0}.Debug|Any CPU.ActiveCfg = Debug|Any CPU
		{4DD752FE-71EA-4F64-A3B4-B9167B6A39A0}.Debug|Any CPU.Build.0 = Debug|Any CPU
		{4DD752FE-71EA-4F64-A3B4-B9167B6A39A0}.Release|Any CPU.ActiveCfg = Release|Any CPU
		{4DD752FE-71EA-4F64-A3B4-B9167B6A39A0}.Release|Any CPU.Build.0 = Release|Any CPU
		{A92B5CBF-942B-4731-8F6B-35A141E300CC}.Debug|Any CPU.ActiveCfg = Debug|Any CPU
		{A92B5CBF-942B-4731-8F6B-35A141E300CC}.Debug|Any CPU.Build.0 = Debug|Any CPU
		{A92B5CBF-942B-4731-8F6B-35A141E300CC}.Release|Any CPU.ActiveCfg = Release|Any CPU
		{A92B5CBF-942B-4731-8F6B-35A141E300CC}.Release|Any CPU.Build.0 = Release|Any CPU
		{1CE38C24-4A1E-4427-823F-7F937C958E6F}.Debug|Any CPU.ActiveCfg = Debug|Any CPU
		{1CE38C24-4A1E-4427-823F-7F937C958E6F}.Debug|Any CPU.Build.0 = Debug|Any CPU
		{1CE38C24-4A1E-4427-823F-7F937C958E6F}.Release|Any CPU.ActiveCfg = Release|Any CPU
		{1CE38C24-4A1E-4427-823F-7F937C958E6F}.Release|Any CPU.Build.0 = Release|Any CPU
		{0EC91E17-96D0-4867-B9C3-EF85F2F5284E}.Debug|Any CPU.ActiveCfg = Debug|Any CPU
		{0EC91E17-96D0-4867-B9C3-EF85F2F5284E}.Debug|Any CPU.Build.0 = Debug|Any CPU
		{0EC91E17-96D0-4867-B9C3-EF85F2F5284E}.Release|Any CPU.ActiveCfg = Release|Any CPU
		{0EC91E17-96D0-4867-B9C3-EF85F2F5284E}.Release|Any CPU.Build.0 = Release|Any CPU
		{0DC1FC41-7EE5-45CA-9032-60B4EB7BC198}.Debug|Any CPU.ActiveCfg = Debug|Any CPU
		{0DC1FC41-7EE5-45CA-9032-60B4EB7BC198}.Debug|Any CPU.Build.0 = Debug|Any CPU
		{0DC1FC41-7EE5-45CA-9032-60B4EB7BC198}.Release|Any CPU.ActiveCfg = Release|Any CPU
		{0DC1FC41-7EE5-45CA-9032-60B4EB7BC198}.Release|Any CPU.Build.0 = Release|Any CPU
		{84C3279F-771D-436D-A028-46D6887C470A}.Debug|Any CPU.ActiveCfg = Debug|Any CPU
		{84C3279F-771D-436D-A028-46D6887C470A}.Debug|Any CPU.Build.0 = Debug|Any CPU
		{84C3279F-771D-436D-A028-46D6887C470A}.Release|Any CPU.ActiveCfg = Release|Any CPU
		{84C3279F-771D-436D-A028-46D6887C470A}.Release|Any CPU.Build.0 = Release|Any CPU
		{BAF5BB4F-CC29-489C-B5CF-9571C2BF3421}.Debug|Any CPU.ActiveCfg = Debug|Any CPU
		{BAF5BB4F-CC29-489C-B5CF-9571C2BF3421}.Debug|Any CPU.Build.0 = Debug|Any CPU
		{BAF5BB4F-CC29-489C-B5CF-9571C2BF3421}.Release|Any CPU.ActiveCfg = Release|Any CPU
		{BAF5BB4F-CC29-489C-B5CF-9571C2BF3421}.Release|Any CPU.Build.0 = Release|Any CPU
		{B0882AC7-FAC6-403D-8A02-F3663DB905AD}.Debug|Any CPU.ActiveCfg = Debug|Any CPU
		{B0882AC7-FAC6-403D-8A02-F3663DB905AD}.Debug|Any CPU.Build.0 = Debug|Any CPU
		{B0882AC7-FAC6-403D-8A02-F3663DB905AD}.Release|Any CPU.ActiveCfg = Release|Any CPU
		{B0882AC7-FAC6-403D-8A02-F3663DB905AD}.Release|Any CPU.Build.0 = Release|Any CPU
		{484EEB0D-8EBE-40CD-A27F-D65EB6C20C10}.Debug|Any CPU.ActiveCfg = Debug|Any CPU
		{484EEB0D-8EBE-40CD-A27F-D65EB6C20C10}.Debug|Any CPU.Build.0 = Debug|Any CPU
		{484EEB0D-8EBE-40CD-A27F-D65EB6C20C10}.Release|Any CPU.ActiveCfg = Release|Any CPU
		{484EEB0D-8EBE-40CD-A27F-D65EB6C20C10}.Release|Any CPU.Build.0 = Release|Any CPU
		{AE9395CC-4CE8-4621-836D-8D8174AE5C77}.Debug|Any CPU.ActiveCfg = Debug|Any CPU
		{AE9395CC-4CE8-4621-836D-8D8174AE5C77}.Debug|Any CPU.Build.0 = Debug|Any CPU
		{AE9395CC-4CE8-4621-836D-8D8174AE5C77}.Release|Any CPU.ActiveCfg = Release|Any CPU
		{AE9395CC-4CE8-4621-836D-8D8174AE5C77}.Release|Any CPU.Build.0 = Release|Any CPU
		{0D02390F-72FC-4192-953B-F3E5C5FDFD85}.Debug|Any CPU.ActiveCfg = Debug|Any CPU
		{0D02390F-72FC-4192-953B-F3E5C5FDFD85}.Debug|Any CPU.Build.0 = Debug|Any CPU
		{0D02390F-72FC-4192-953B-F3E5C5FDFD85}.Release|Any CPU.ActiveCfg = Release|Any CPU
		{0D02390F-72FC-4192-953B-F3E5C5FDFD85}.Release|Any CPU.Build.0 = Release|Any CPU
		{DC5CE172-5CC9-412D-B9FE-2AF32D4C56A6}.Debug|Any CPU.ActiveCfg = Debug|Any CPU
		{DC5CE172-5CC9-412D-B9FE-2AF32D4C56A6}.Debug|Any CPU.Build.0 = Debug|Any CPU
		{DC5CE172-5CC9-412D-B9FE-2AF32D4C56A6}.Release|Any CPU.ActiveCfg = Release|Any CPU
		{DC5CE172-5CC9-412D-B9FE-2AF32D4C56A6}.Release|Any CPU.Build.0 = Release|Any CPU
		{AF708A31-7AB1-4D19-BF57-8DD6EFD8A1A0}.Debug|Any CPU.ActiveCfg = Debug|Any CPU
		{AF708A31-7AB1-4D19-BF57-8DD6EFD8A1A0}.Debug|Any CPU.Build.0 = Debug|Any CPU
		{AF708A31-7AB1-4D19-BF57-8DD6EFD8A1A0}.Release|Any CPU.ActiveCfg = Release|Any CPU
		{AF708A31-7AB1-4D19-BF57-8DD6EFD8A1A0}.Release|Any CPU.Build.0 = Release|Any CPU
		{C5798986-5345-4FA0-93D7-76B374E8B97A}.Debug|Any CPU.ActiveCfg = Debug|Any CPU
		{C5798986-5345-4FA0-93D7-76B374E8B97A}.Debug|Any CPU.Build.0 = Debug|Any CPU
		{C5798986-5345-4FA0-93D7-76B374E8B97A}.Release|Any CPU.ActiveCfg = Release|Any CPU
		{C5798986-5345-4FA0-93D7-76B374E8B97A}.Release|Any CPU.Build.0 = Release|Any CPU
		{D4FE5A21-2EDC-4C21-A779-E292324F7874}.Debug|Any CPU.ActiveCfg = Debug|Any CPU
		{D4FE5A21-2EDC-4C21-A779-E292324F7874}.Debug|Any CPU.Build.0 = Debug|Any CPU
		{D4FE5A21-2EDC-4C21-A779-E292324F7874}.Release|Any CPU.ActiveCfg = Release|Any CPU
		{D4FE5A21-2EDC-4C21-A779-E292324F7874}.Release|Any CPU.Build.0 = Release|Any CPU
		{6336AE34-3AA5-4B82-9854-411BB43E7DE0}.Debug|Any CPU.ActiveCfg = Debug|Any CPU
		{6336AE34-3AA5-4B82-9854-411BB43E7DE0}.Debug|Any CPU.Build.0 = Debug|Any CPU
		{6336AE34-3AA5-4B82-9854-411BB43E7DE0}.Release|Any CPU.ActiveCfg = Release|Any CPU
		{6336AE34-3AA5-4B82-9854-411BB43E7DE0}.Release|Any CPU.Build.0 = Release|Any CPU
		{59E86070-9195-4E6C-992E-7300D5D9E2F0}.Debug|Any CPU.ActiveCfg = Debug|Any CPU
		{59E86070-9195-4E6C-992E-7300D5D9E2F0}.Debug|Any CPU.Build.0 = Debug|Any CPU
		{59E86070-9195-4E6C-992E-7300D5D9E2F0}.Release|Any CPU.ActiveCfg = Release|Any CPU
		{59E86070-9195-4E6C-992E-7300D5D9E2F0}.Release|Any CPU.Build.0 = Release|Any CPU
		{D04D2B2B-F527-487C-98FC-56C7C3043DBD}.Debug|Any CPU.ActiveCfg = Debug|Any CPU
		{D04D2B2B-F527-487C-98FC-56C7C3043DBD}.Debug|Any CPU.Build.0 = Debug|Any CPU
		{D04D2B2B-F527-487C-98FC-56C7C3043DBD}.Release|Any CPU.ActiveCfg = Release|Any CPU
		{D04D2B2B-F527-487C-98FC-56C7C3043DBD}.Release|Any CPU.Build.0 = Release|Any CPU
		{872FFAF9-E7C7-4CDA-B047-C35C298F347B}.Debug|Any CPU.ActiveCfg = Debug|Any CPU
		{872FFAF9-E7C7-4CDA-B047-C35C298F347B}.Debug|Any CPU.Build.0 = Debug|Any CPU
		{872FFAF9-E7C7-4CDA-B047-C35C298F347B}.Release|Any CPU.ActiveCfg = Release|Any CPU
		{872FFAF9-E7C7-4CDA-B047-C35C298F347B}.Release|Any CPU.Build.0 = Release|Any CPU
	EndGlobalSection
	GlobalSection(SolutionProperties) = preSolution
		HideSolutionNode = FALSE
	EndGlobalSection
EndGlobal
