
Microsoft Visual Studio Solution File, Format Version 12.00
# Visual Studio 2012
Project("{FAE04EC0-301F-11D3-BF4B-00C04F79EFBC}") = "01.MathExpression", "MathExpression\01.MathExpression.csproj", "{83CA1AA1-E559-46C6-9422-73645C2E6A35}"
EndProject
Project("{FAE04EC0-301F-11D3-BF4B-00C04F79EFBC}") = "01.SevenlandNumber", "SevenlandNumber\01.SevenlandNumber.csproj", "{062F16B4-9D9D-4AF4-A7D2-88D1A9F43845}"
EndProject
Project("{FAE04EC0-301F-11D3-BF4B-00C04F79EFBC}") = "01.CartesianCoordinateSystem", "CartesianCoordinateSystem\01.CartesianCoordinateSystem.csproj", "{429E2C4C-BA40-43FB-9904-5A6C58AB8383}"
EndProject
Project("{FAE04EC0-301F-11D3-BF4B-00C04F79EFBC}") = "01.ShipDamage", "ShipDamage\01.ShipDamage.csproj", "{DAEF33B1-E067-4634-8EE7-CB23DB3A5B9B}"
EndProject
Project("{FAE04EC0-301F-11D3-BF4B-00C04F79EFBC}") = "01.FighterAttack", "FighterAttack\01.FighterAttack.csproj", "{12DA254F-7BAC-4FFD-A8B6-B50C4E6DD694}"
EndProject
Project("{FAE04EC0-301F-11D3-BF4B-00C04F79EFBC}") = "01.NextDate", "NextDate\01.NextDate.csproj", "{918FBA7F-803B-4B20-8599-D450B2666653}"
EndProject
Project("{FAE04EC0-301F-11D3-BF4B-00C04F79EFBC}") = "01.TripleRotationOfDigits", "TripleRotationOfDigits\01.TripleRotationOfDigits.csproj", "{B9995AD6-74EC-44F8-B442-8398C0329719}"
EndProject
Project("{FAE04EC0-301F-11D3-BF4B-00C04F79EFBC}") = "01.UpDownGame", "UpDown\01.UpDownGame.csproj", "{9809A2D6-142C-48D7-8F84-3FA4F338DFE0}"
EndProject
Project("{FAE04EC0-301F-11D3-BF4B-00C04F79EFBC}") = "02.A-nachi", "02.A-nachi\02.A-nachi.csproj", "{5FBBC14C-A14C-4204-845E-2A74A690198D}"
EndProject
Project("{FAE04EC0-301F-11D3-BF4B-00C04F79EFBC}") = "02.Tribonacci", "02.Tribonacci\02.Tribonacci.csproj", "{96CC524B-C61B-4490-B165-2DEC673C15A0}"
EndProject
Project("{FAE04EC0-301F-11D3-BF4B-00C04F79EFBC}") = "02.QuadronacciRectangle", "04.QuadronacciRectangle\02.QuadronacciRectangle.csproj", "{D50FF521-550E-4383-9E94-E3D4B84FC7BD}"
EndProject
Project("{FAE04EC0-301F-11D3-BF4B-00C04F79EFBC}") = "02.MissCat2011", "02.MissCat2011\02.MissCat2011.csproj", "{5DDB06DF-20C8-4596-BFF9-119E54CA7C07}"
EndProject
Project("{FAE04EC0-301F-11D3-BF4B-00C04F79EFBC}") = "02.AstrologicalDigits", "02.AstrologicalDigits\02.AstrologicalDigits.csproj", "{A70B82D5-CAAA-43FE-90A2-3414F75C001F}"
EndProject
Project("{FAE04EC0-301F-11D3-BF4B-00C04F79EFBC}") = "03.FirTree", "03.FirTree\03.FirTree.csproj", "{A1BBECB0-0D5A-4DCA-BDDB-0C91C6D217E6}"
EndProject
Project("{FAE04EC0-301F-11D3-BF4B-00C04F79EFBC}") = "03.UKFlag", "03.UKFlag\03.UKFlag.csproj", "{6B5E7D03-DEC7-449F-BFEB-C4D5BE542458}"
EndProject
Project("{FAE04EC0-301F-11D3-BF4B-00C04F79EFBC}") = "03.Carpets", "03.Carpets\03.Carpets.csproj", "{5C5B375D-75D8-431A-ABC2-EF753E9F309C}"
EndProject
Project("{FAE04EC0-301F-11D3-BF4B-00C04F79EFBC}") = "03.TelerikLogo", "03.TelerikLogo\03.TelerikLogo.csproj", "{0DB065D2-44FF-4E06-88F6-95545AAF93D2}"
EndProject
Project("{FAE04EC0-301F-11D3-BF4B-00C04F79EFBC}") = "03.Spiral", "03.Spiral\03.Spiral.csproj", "{6117DE90-0101-439F-9EF2-325565058895}"
EndProject
Project("{FAE04EC0-301F-11D3-BF4B-00C04F79EFBC}") = "04.BitBall", "04.BitBall\04.BitBall.csproj", "{8753E0FA-61A7-4019-A3E1-BF7A10B94B9B}"
EndProject
Project("{FAE04EC0-301F-11D3-BF4B-00C04F79EFBC}") = "04.AngryBits", "04.AngryBits\04.AngryBits.csproj", "{F7A6F6E0-2BF5-4495-898A-0418D025D9CA}"
EndProject
Project("{FAE04EC0-301F-11D3-BF4B-00C04F79EFBC}") = "04.FormulaBit1", "04.FormulaBit1\04.FormulaBit1.csproj", "{169C3A54-AD8E-483C-ABFF-ACFC78138FBA}"
EndProject
Project("{FAE04EC0-301F-11D3-BF4B-00C04F79EFBC}") = "05.SubsetSums", "05.SubsetSums\05.SubsetSums.csproj", "{03030536-FDEF-47BD-A8F1-B65F47BE963E}"
EndProject
Project("{FAE04EC0-301F-11D3-BF4B-00C04F79EFBC}") = "05.SubsetSumsB", "05.SubsetSumsB\05.SubsetSumsB.csproj", "{BB3908F2-113D-4F37-9401-E1D9B7F64680}"
EndProject
Project("{FAE04EC0-301F-11D3-BF4B-00C04F79EFBC}") = "05.Pillars", "05.Pillars\05.Pillars.csproj", "{3ED53B1B-8CF9-43B7-A995-3E338D75BBC9}"
EndProject
Project("{FAE04EC0-301F-11D3-BF4B-00C04F79EFBC}") = "05.Lines", "05.Lines\05.Lines.csproj", "{F8757601-4F20-4449-AB82-3B37AFFD86E5}"
EndProject
Project("{FAE04EC0-301F-11D3-BF4B-00C04F79EFBC}") = "05.DancingBits", "05.DancingBits\05.DancingBits.csproj", "{A126591F-739D-4E97-BB69-25ECC3C42A69}"
EndProject
Project("{FAE04EC0-301F-11D3-BF4B-00C04F79EFBC}") = "05.Sheets", "05.Sheets\05.Sheets.csproj", "{578DDA97-EEFA-4CB8-BFBF-0895F08FF13A}"
EndProject
Project("{FAE04EC0-301F-11D3-BF4B-00C04F79EFBC}") = "05.SheetsB", "05.SheetsB\05.SheetsB.csproj", "{8FACE7D5-6CFA-46BB-87FE-FA6812FBA66D}"
EndProject
Project("{FAE04EC0-301F-11D3-BF4B-00C04F79EFBC}") = "05.OddNumber", "05.OddNumber\05.OddNumber.csproj", "{8B5C3017-1BB0-4034-AC39-20587528C6F5}"
EndProject
Project("{FAE04EC0-301F-11D3-BF4B-00C04F79EFBC}") = "05.WeAllLoveBits", "05.WeAllLoveBits\05.WeAllLoveBits.csproj", "{CBF7DD08-1ED2-4E2D-8E78-761C63CE181A}"
EndProject
Global
	GlobalSection(SolutionConfigurationPlatforms) = preSolution
		Debug|Any CPU = Debug|Any CPU
		Release|Any CPU = Release|Any CPU
	EndGlobalSection
	GlobalSection(ProjectConfigurationPlatforms) = postSolution
		{83CA1AA1-E559-46C6-9422-73645C2E6A35}.Debug|Any CPU.ActiveCfg = Debug|Any CPU
		{83CA1AA1-E559-46C6-9422-73645C2E6A35}.Debug|Any CPU.Build.0 = Debug|Any CPU
		{83CA1AA1-E559-46C6-9422-73645C2E6A35}.Release|Any CPU.ActiveCfg = Release|Any CPU
		{83CA1AA1-E559-46C6-9422-73645C2E6A35}.Release|Any CPU.Build.0 = Release|Any CPU
		{062F16B4-9D9D-4AF4-A7D2-88D1A9F43845}.Debug|Any CPU.ActiveCfg = Debug|Any CPU
		{062F16B4-9D9D-4AF4-A7D2-88D1A9F43845}.Debug|Any CPU.Build.0 = Debug|Any CPU
		{062F16B4-9D9D-4AF4-A7D2-88D1A9F43845}.Release|Any CPU.ActiveCfg = Release|Any CPU
		{062F16B4-9D9D-4AF4-A7D2-88D1A9F43845}.Release|Any CPU.Build.0 = Release|Any CPU
		{429E2C4C-BA40-43FB-9904-5A6C58AB8383}.Debug|Any CPU.ActiveCfg = Debug|Any CPU
		{429E2C4C-BA40-43FB-9904-5A6C58AB8383}.Debug|Any CPU.Build.0 = Debug|Any CPU
		{429E2C4C-BA40-43FB-9904-5A6C58AB8383}.Release|Any CPU.ActiveCfg = Release|Any CPU
		{429E2C4C-BA40-43FB-9904-5A6C58AB8383}.Release|Any CPU.Build.0 = Release|Any CPU
		{DAEF33B1-E067-4634-8EE7-CB23DB3A5B9B}.Debug|Any CPU.ActiveCfg = Debug|Any CPU
		{DAEF33B1-E067-4634-8EE7-CB23DB3A5B9B}.Debug|Any CPU.Build.0 = Debug|Any CPU
		{DAEF33B1-E067-4634-8EE7-CB23DB3A5B9B}.Release|Any CPU.ActiveCfg = Release|Any CPU
		{DAEF33B1-E067-4634-8EE7-CB23DB3A5B9B}.Release|Any CPU.Build.0 = Release|Any CPU
		{12DA254F-7BAC-4FFD-A8B6-B50C4E6DD694}.Debug|Any CPU.ActiveCfg = Debug|Any CPU
		{12DA254F-7BAC-4FFD-A8B6-B50C4E6DD694}.Debug|Any CPU.Build.0 = Debug|Any CPU
		{12DA254F-7BAC-4FFD-A8B6-B50C4E6DD694}.Release|Any CPU.ActiveCfg = Release|Any CPU
		{12DA254F-7BAC-4FFD-A8B6-B50C4E6DD694}.Release|Any CPU.Build.0 = Release|Any CPU
		{918FBA7F-803B-4B20-8599-D450B2666653}.Debug|Any CPU.ActiveCfg = Debug|Any CPU
		{918FBA7F-803B-4B20-8599-D450B2666653}.Debug|Any CPU.Build.0 = Debug|Any CPU
		{918FBA7F-803B-4B20-8599-D450B2666653}.Release|Any CPU.ActiveCfg = Release|Any CPU
		{918FBA7F-803B-4B20-8599-D450B2666653}.Release|Any CPU.Build.0 = Release|Any CPU
		{B9995AD6-74EC-44F8-B442-8398C0329719}.Debug|Any CPU.ActiveCfg = Debug|Any CPU
		{B9995AD6-74EC-44F8-B442-8398C0329719}.Debug|Any CPU.Build.0 = Debug|Any CPU
		{B9995AD6-74EC-44F8-B442-8398C0329719}.Release|Any CPU.ActiveCfg = Release|Any CPU
		{B9995AD6-74EC-44F8-B442-8398C0329719}.Release|Any CPU.Build.0 = Release|Any CPU
		{9809A2D6-142C-48D7-8F84-3FA4F338DFE0}.Debug|Any CPU.ActiveCfg = Debug|Any CPU
		{9809A2D6-142C-48D7-8F84-3FA4F338DFE0}.Debug|Any CPU.Build.0 = Debug|Any CPU
		{9809A2D6-142C-48D7-8F84-3FA4F338DFE0}.Release|Any CPU.ActiveCfg = Release|Any CPU
		{9809A2D6-142C-48D7-8F84-3FA4F338DFE0}.Release|Any CPU.Build.0 = Release|Any CPU
		{5FBBC14C-A14C-4204-845E-2A74A690198D}.Debug|Any CPU.ActiveCfg = Debug|Any CPU
		{5FBBC14C-A14C-4204-845E-2A74A690198D}.Debug|Any CPU.Build.0 = Debug|Any CPU
		{5FBBC14C-A14C-4204-845E-2A74A690198D}.Release|Any CPU.ActiveCfg = Release|Any CPU
		{5FBBC14C-A14C-4204-845E-2A74A690198D}.Release|Any CPU.Build.0 = Release|Any CPU
		{96CC524B-C61B-4490-B165-2DEC673C15A0}.Debug|Any CPU.ActiveCfg = Debug|Any CPU
		{96CC524B-C61B-4490-B165-2DEC673C15A0}.Debug|Any CPU.Build.0 = Debug|Any CPU
		{96CC524B-C61B-4490-B165-2DEC673C15A0}.Release|Any CPU.ActiveCfg = Release|Any CPU
		{96CC524B-C61B-4490-B165-2DEC673C15A0}.Release|Any CPU.Build.0 = Release|Any CPU
		{D50FF521-550E-4383-9E94-E3D4B84FC7BD}.Debug|Any CPU.ActiveCfg = Debug|Any CPU
		{D50FF521-550E-4383-9E94-E3D4B84FC7BD}.Debug|Any CPU.Build.0 = Debug|Any CPU
		{D50FF521-550E-4383-9E94-E3D4B84FC7BD}.Release|Any CPU.ActiveCfg = Release|Any CPU
		{D50FF521-550E-4383-9E94-E3D4B84FC7BD}.Release|Any CPU.Build.0 = Release|Any CPU
		{5DDB06DF-20C8-4596-BFF9-119E54CA7C07}.Debug|Any CPU.ActiveCfg = Debug|Any CPU
		{5DDB06DF-20C8-4596-BFF9-119E54CA7C07}.Debug|Any CPU.Build.0 = Debug|Any CPU
		{5DDB06DF-20C8-4596-BFF9-119E54CA7C07}.Release|Any CPU.ActiveCfg = Release|Any CPU
		{5DDB06DF-20C8-4596-BFF9-119E54CA7C07}.Release|Any CPU.Build.0 = Release|Any CPU
		{A70B82D5-CAAA-43FE-90A2-3414F75C001F}.Debug|Any CPU.ActiveCfg = Debug|Any CPU
		{A70B82D5-CAAA-43FE-90A2-3414F75C001F}.Debug|Any CPU.Build.0 = Debug|Any CPU
		{A70B82D5-CAAA-43FE-90A2-3414F75C001F}.Release|Any CPU.ActiveCfg = Release|Any CPU
		{A70B82D5-CAAA-43FE-90A2-3414F75C001F}.Release|Any CPU.Build.0 = Release|Any CPU
		{A1BBECB0-0D5A-4DCA-BDDB-0C91C6D217E6}.Debug|Any CPU.ActiveCfg = Debug|Any CPU
		{A1BBECB0-0D5A-4DCA-BDDB-0C91C6D217E6}.Debug|Any CPU.Build.0 = Debug|Any CPU
		{A1BBECB0-0D5A-4DCA-BDDB-0C91C6D217E6}.Release|Any CPU.ActiveCfg = Release|Any CPU
		{A1BBECB0-0D5A-4DCA-BDDB-0C91C6D217E6}.Release|Any CPU.Build.0 = Release|Any CPU
		{6B5E7D03-DEC7-449F-BFEB-C4D5BE542458}.Debug|Any CPU.ActiveCfg = Debug|Any CPU
		{6B5E7D03-DEC7-449F-BFEB-C4D5BE542458}.Debug|Any CPU.Build.0 = Debug|Any CPU
		{6B5E7D03-DEC7-449F-BFEB-C4D5BE542458}.Release|Any CPU.ActiveCfg = Release|Any CPU
		{6B5E7D03-DEC7-449F-BFEB-C4D5BE542458}.Release|Any CPU.Build.0 = Release|Any CPU
		{5C5B375D-75D8-431A-ABC2-EF753E9F309C}.Debug|Any CPU.ActiveCfg = Debug|Any CPU
		{5C5B375D-75D8-431A-ABC2-EF753E9F309C}.Debug|Any CPU.Build.0 = Debug|Any CPU
		{5C5B375D-75D8-431A-ABC2-EF753E9F309C}.Release|Any CPU.ActiveCfg = Release|Any CPU
		{5C5B375D-75D8-431A-ABC2-EF753E9F309C}.Release|Any CPU.Build.0 = Release|Any CPU
		{0DB065D2-44FF-4E06-88F6-95545AAF93D2}.Debug|Any CPU.ActiveCfg = Debug|Any CPU
		{0DB065D2-44FF-4E06-88F6-95545AAF93D2}.Debug|Any CPU.Build.0 = Debug|Any CPU
		{0DB065D2-44FF-4E06-88F6-95545AAF93D2}.Release|Any CPU.ActiveCfg = Release|Any CPU
		{0DB065D2-44FF-4E06-88F6-95545AAF93D2}.Release|Any CPU.Build.0 = Release|Any CPU
		{6117DE90-0101-439F-9EF2-325565058895}.Debug|Any CPU.ActiveCfg = Debug|Any CPU
		{6117DE90-0101-439F-9EF2-325565058895}.Debug|Any CPU.Build.0 = Debug|Any CPU
		{6117DE90-0101-439F-9EF2-325565058895}.Release|Any CPU.ActiveCfg = Release|Any CPU
		{6117DE90-0101-439F-9EF2-325565058895}.Release|Any CPU.Build.0 = Release|Any CPU
		{8753E0FA-61A7-4019-A3E1-BF7A10B94B9B}.Debug|Any CPU.ActiveCfg = Debug|Any CPU
		{8753E0FA-61A7-4019-A3E1-BF7A10B94B9B}.Debug|Any CPU.Build.0 = Debug|Any CPU
		{8753E0FA-61A7-4019-A3E1-BF7A10B94B9B}.Release|Any CPU.ActiveCfg = Release|Any CPU
		{8753E0FA-61A7-4019-A3E1-BF7A10B94B9B}.Release|Any CPU.Build.0 = Release|Any CPU
		{F7A6F6E0-2BF5-4495-898A-0418D025D9CA}.Debug|Any CPU.ActiveCfg = Debug|Any CPU
		{F7A6F6E0-2BF5-4495-898A-0418D025D9CA}.Debug|Any CPU.Build.0 = Debug|Any CPU
		{F7A6F6E0-2BF5-4495-898A-0418D025D9CA}.Release|Any CPU.ActiveCfg = Release|Any CPU
		{F7A6F6E0-2BF5-4495-898A-0418D025D9CA}.Release|Any CPU.Build.0 = Release|Any CPU
		{169C3A54-AD8E-483C-ABFF-ACFC78138FBA}.Debug|Any CPU.ActiveCfg = Debug|Any CPU
		{169C3A54-AD8E-483C-ABFF-ACFC78138FBA}.Debug|Any CPU.Build.0 = Debug|Any CPU
		{169C3A54-AD8E-483C-ABFF-ACFC78138FBA}.Release|Any CPU.ActiveCfg = Release|Any CPU
		{169C3A54-AD8E-483C-ABFF-ACFC78138FBA}.Release|Any CPU.Build.0 = Release|Any CPU
		{03030536-FDEF-47BD-A8F1-B65F47BE963E}.Debug|Any CPU.ActiveCfg = Debug|Any CPU
		{03030536-FDEF-47BD-A8F1-B65F47BE963E}.Debug|Any CPU.Build.0 = Debug|Any CPU
		{03030536-FDEF-47BD-A8F1-B65F47BE963E}.Release|Any CPU.ActiveCfg = Release|Any CPU
		{03030536-FDEF-47BD-A8F1-B65F47BE963E}.Release|Any CPU.Build.0 = Release|Any CPU
		{BB3908F2-113D-4F37-9401-E1D9B7F64680}.Debug|Any CPU.ActiveCfg = Debug|Any CPU
		{BB3908F2-113D-4F37-9401-E1D9B7F64680}.Debug|Any CPU.Build.0 = Debug|Any CPU
		{BB3908F2-113D-4F37-9401-E1D9B7F64680}.Release|Any CPU.ActiveCfg = Release|Any CPU
		{BB3908F2-113D-4F37-9401-E1D9B7F64680}.Release|Any CPU.Build.0 = Release|Any CPU
		{3ED53B1B-8CF9-43B7-A995-3E338D75BBC9}.Debug|Any CPU.ActiveCfg = Debug|Any CPU
		{3ED53B1B-8CF9-43B7-A995-3E338D75BBC9}.Debug|Any CPU.Build.0 = Debug|Any CPU
		{3ED53B1B-8CF9-43B7-A995-3E338D75BBC9}.Release|Any CPU.ActiveCfg = Release|Any CPU
		{3ED53B1B-8CF9-43B7-A995-3E338D75BBC9}.Release|Any CPU.Build.0 = Release|Any CPU
		{F8757601-4F20-4449-AB82-3B37AFFD86E5}.Debug|Any CPU.ActiveCfg = Debug|Any CPU
		{F8757601-4F20-4449-AB82-3B37AFFD86E5}.Debug|Any CPU.Build.0 = Debug|Any CPU
		{F8757601-4F20-4449-AB82-3B37AFFD86E5}.Release|Any CPU.ActiveCfg = Release|Any CPU
		{F8757601-4F20-4449-AB82-3B37AFFD86E5}.Release|Any CPU.Build.0 = Release|Any CPU
		{A126591F-739D-4E97-BB69-25ECC3C42A69}.Debug|Any CPU.ActiveCfg = Debug|Any CPU
		{A126591F-739D-4E97-BB69-25ECC3C42A69}.Debug|Any CPU.Build.0 = Debug|Any CPU
		{A126591F-739D-4E97-BB69-25ECC3C42A69}.Release|Any CPU.ActiveCfg = Release|Any CPU
		{A126591F-739D-4E97-BB69-25ECC3C42A69}.Release|Any CPU.Build.0 = Release|Any CPU
		{578DDA97-EEFA-4CB8-BFBF-0895F08FF13A}.Debug|Any CPU.ActiveCfg = Debug|Any CPU
		{578DDA97-EEFA-4CB8-BFBF-0895F08FF13A}.Debug|Any CPU.Build.0 = Debug|Any CPU
		{578DDA97-EEFA-4CB8-BFBF-0895F08FF13A}.Release|Any CPU.ActiveCfg = Release|Any CPU
		{578DDA97-EEFA-4CB8-BFBF-0895F08FF13A}.Release|Any CPU.Build.0 = Release|Any CPU
		{8FACE7D5-6CFA-46BB-87FE-FA6812FBA66D}.Debug|Any CPU.ActiveCfg = Debug|Any CPU
		{8FACE7D5-6CFA-46BB-87FE-FA6812FBA66D}.Debug|Any CPU.Build.0 = Debug|Any CPU
		{8FACE7D5-6CFA-46BB-87FE-FA6812FBA66D}.Release|Any CPU.ActiveCfg = Release|Any CPU
		{8FACE7D5-6CFA-46BB-87FE-FA6812FBA66D}.Release|Any CPU.Build.0 = Release|Any CPU
		{8B5C3017-1BB0-4034-AC39-20587528C6F5}.Debug|Any CPU.ActiveCfg = Debug|Any CPU
		{8B5C3017-1BB0-4034-AC39-20587528C6F5}.Debug|Any CPU.Build.0 = Debug|Any CPU
		{8B5C3017-1BB0-4034-AC39-20587528C6F5}.Release|Any CPU.ActiveCfg = Release|Any CPU
		{8B5C3017-1BB0-4034-AC39-20587528C6F5}.Release|Any CPU.Build.0 = Release|Any CPU
		{CBF7DD08-1ED2-4E2D-8E78-761C63CE181A}.Debug|Any CPU.ActiveCfg = Debug|Any CPU
		{CBF7DD08-1ED2-4E2D-8E78-761C63CE181A}.Debug|Any CPU.Build.0 = Debug|Any CPU
		{CBF7DD08-1ED2-4E2D-8E78-761C63CE181A}.Release|Any CPU.ActiveCfg = Release|Any CPU
		{CBF7DD08-1ED2-4E2D-8E78-761C63CE181A}.Release|Any CPU.Build.0 = Release|Any CPU
	EndGlobalSection
	GlobalSection(SolutionProperties) = preSolution
		HideSolutionNode = FALSE
	EndGlobalSection
EndGlobal
