
Microsoft Visual Studio Solution File, Format Version 12.00
# Visual Studio 2012
Project("{FAE04EC0-301F-11D3-BF4B-00C04F79EFBC}") = "SevenlandNumbers", "SevenlandNumbers\SevenlandNumbers.csproj", "{E418394A-FC74-40BD-9C46-19A23633F716}"
EndProject
Project("{FAE04EC0-301F-11D3-BF4B-00C04F79EFBC}") = "ExcelColumns", "ExcelColumns\ExcelColumns.csproj", "{A574FD4C-6636-4123-904C-C6CC020BEF02}"
EndProject
Global
	GlobalSection(SolutionConfigurationPlatforms) = preSolution
		Debug|Any CPU = Debug|Any CPU
		Release|Any CPU = Release|Any CPU
	EndGlobalSection
	GlobalSection(ProjectConfigurationPlatforms) = postSolution
		{E418394A-FC74-40BD-9C46-19A23633F716}.Debug|Any CPU.ActiveCfg = Debug|Any CPU
		{E418394A-FC74-40BD-9C46-19A23633F716}.Debug|Any CPU.Build.0 = Debug|Any CPU
		{E418394A-FC74-40BD-9C46-19A23633F716}.Release|Any CPU.ActiveCfg = Release|Any CPU
		{E418394A-FC74-40BD-9C46-19A23633F716}.Release|Any CPU.Build.0 = Release|Any CPU
		{A574FD4C-6636-4123-904C-C6CC020BEF02}.Debug|Any CPU.ActiveCfg = Debug|Any CPU
		{A574FD4C-6636-4123-904C-C6CC020BEF02}.Debug|Any CPU.Build.0 = Debug|Any CPU
		{A574FD4C-6636-4123-904C-C6CC020BEF02}.Release|Any CPU.ActiveCfg = Release|Any CPU
		{A574FD4C-6636-4123-904C-C6CC020BEF02}.Release|Any CPU.Build.0 = Release|Any CPU
	EndGlobalSection
	GlobalSection(SolutionProperties) = preSolution
		HideSolutionNode = FALSE
	EndGlobalSection
EndGlobal
