
Microsoft Visual Studio Solution File, Format Version 12.00
# Visual Studio 2012
Project("{FAE04EC0-301F-11D3-BF4B-00C04F79EFBC}") = "TripleRotationOfDigits", "TripleRotationOfDigits\TripleRotationOfDigits.csproj", "{11F1BC28-6384-4DB5-894F-0EA359C41914}"
EndProject
Project("{FAE04EC0-301F-11D3-BF4B-00C04F79EFBC}") = "QuadronacciRectangle", "QuadronacciRectangle\QuadronacciRectangle.csproj", "{BC8E777F-C450-4DAB-A288-88EFD8783309}"
EndProject
Project("{FAE04EC0-301F-11D3-BF4B-00C04F79EFBC}") = "Poker", "Poker\Poker.csproj", "{319EAF30-0288-44E2-8095-0CA02A5D2AA9}"
EndProject
Global
	GlobalSection(SolutionConfigurationPlatforms) = preSolution
		Debug|Any CPU = Debug|Any CPU
		Release|Any CPU = Release|Any CPU
	EndGlobalSection
	GlobalSection(ProjectConfigurationPlatforms) = postSolution
		{11F1BC28-6384-4DB5-894F-0EA359C41914}.Debug|Any CPU.ActiveCfg = Debug|Any CPU
		{11F1BC28-6384-4DB5-894F-0EA359C41914}.Debug|Any CPU.Build.0 = Debug|Any CPU
		{11F1BC28-6384-4DB5-894F-0EA359C41914}.Release|Any CPU.ActiveCfg = Release|Any CPU
		{11F1BC28-6384-4DB5-894F-0EA359C41914}.Release|Any CPU.Build.0 = Release|Any CPU
		{BC8E777F-C450-4DAB-A288-88EFD8783309}.Debug|Any CPU.ActiveCfg = Debug|Any CPU
		{BC8E777F-C450-4DAB-A288-88EFD8783309}.Debug|Any CPU.Build.0 = Debug|Any CPU
		{BC8E777F-C450-4DAB-A288-88EFD8783309}.Release|Any CPU.ActiveCfg = Release|Any CPU
		{BC8E777F-C450-4DAB-A288-88EFD8783309}.Release|Any CPU.Build.0 = Release|Any CPU
		{319EAF30-0288-44E2-8095-0CA02A5D2AA9}.Debug|Any CPU.ActiveCfg = Debug|Any CPU
		{319EAF30-0288-44E2-8095-0CA02A5D2AA9}.Debug|Any CPU.Build.0 = Debug|Any CPU
		{319EAF30-0288-44E2-8095-0CA02A5D2AA9}.Release|Any CPU.ActiveCfg = Release|Any CPU
		{319EAF30-0288-44E2-8095-0CA02A5D2AA9}.Release|Any CPU.Build.0 = Release|Any CPU
	EndGlobalSection
	GlobalSection(SolutionProperties) = preSolution
		HideSolutionNode = FALSE
	EndGlobalSection
EndGlobal
